# C4 Windows x64 onedir build lock.
# Build interpreter: CPython 3.12.10 x64 (Windows AMD64).
# Runtime/build packages are deliberately exact-pinned; install only in a clean venv.
Flask==3.1.3
Jinja2==3.1.6
MarkupSafe==3.0.3
Werkzeug==3.1.3
blinker==1.9.0
click==8.2.1
colorama==0.4.6
itsdangerous==2.2.0
lxml==6.1.1
python-docx==1.2.0
Pillow==12.3.0
typing_extensions==4.15.0
PyInstaller==6.22.3
altgraph==0.17.5
packaging==26.2
pefile==2024.8.26
pyinstaller-hooks-contrib==2026.7
pywin32-ctypes==0.2.3
setuptools==80.9.0
